
Microsoft Visual Studio Solution File, Format Version 12.00
# Visual Studio Version 17
VisualStudioVersion = 17.0.31717.71
MinimumVisualStudioVersion = 10.0.40219.1
Project("{9092AA53-FB77-4645-B42D-1CCCA6BD08BD}") = "Custom Minecraft Server", "Custom Minecraft Server\Custom Minecraft Server.njsproj", "{34130F1B-43E7-455A-B678-3F24893E2780}"
EndProject
Global
	GlobalSection(SolutionConfigurationPlatforms) = preSolution
		Debug|Any CPU = Debug|Any CPU
		Release|Any CPU = Release|Any CPU
	EndGlobalSection
	GlobalSection(ProjectConfigurationPlatforms) = postSolution
		{34130F1B-43E7-455A-B678-3F24893E2780}.Debug|Any CPU.ActiveCfg = Debug|Any CPU
		{34130F1B-43E7-455A-B678-3F24893E2780}.Debug|Any CPU.Build.0 = Debug|Any CPU
		{34130F1B-43E7-455A-B678-3F24893E2780}.Release|Any CPU.ActiveCfg = Release|Any CPU
		{34130F1B-43E7-455A-B678-3F24893E2780}.Release|Any CPU.Build.0 = Release|Any CPU
	EndGlobalSection
	GlobalSection(SolutionProperties) = preSolution
		HideSolutionNode = FALSE
	EndGlobalSection
	GlobalSection(ExtensibilityGlobals) = postSolution
		SolutionGuid = {4799DF18-CEBD-4736-B8E4-1D642F0759BC}
	EndGlobalSection
EndGlobal
